{
  "nodes": {
    "blueprint": {
      "inputs": {
        "nixpkgs": [
          "nix-ai-tools",
          "nixpkgs"
        ],
        "systems": "systems_2"
      },
      "locked": {
        "lastModified": 1767386128,
        "narHash": "sha256-BJDu7dIMauO2nYRSL4aI8wDNtEm2KOb7lDKP3hxdrpo=",
        "owner": "numtide",
        "repo": "blueprint",
        "rev": "0ed984d51a3031065925ab08812a5434f40b93d4",
        "type": "github"
      },
      "original": {
        "owner": "numtide",
        "repo": "blueprint",
        "type": "github"
      }
    },
    "flake-utils": {
      "inputs": {
        "systems": "systems"
      },
      "locked": {
        "lastModified": 1731533236,
        "narHash": "sha256-l0KFg5HjrsfsO/JpG+r7fRrqm12kzFHyUHqHCVpMMbI=",
        "owner": "numtide",
        "repo": "flake-utils",
        "rev": "11707dc2f618dd54ca8739b309ec4fc024de578b",
        "type": "github"
      },
      "original": {
        "owner": "numtide",
        "repo": "flake-utils",
        "type": "github"
      }
    },
    "nix-ai-tools": {
      "inputs": {
        "blueprint": "blueprint",
        "nixpkgs": "nixpkgs",
        "treefmt-nix": "treefmt-nix"
      },
      "locked": {
        "lastModified": 1768898914,
        "narHash": "sha256-OulCGaR384WsaCZt7SEj5rsyWvoBlGDbSAUBHSeu8C0=",
        "owner": "numtide",
        "repo": "nix-ai-tools",
        "rev": "8b41a914a2ab258d630955dcab15ae7125fa712b",
        "type": "github"
      },
      "original": {
        "owner": "numtide",
        "repo": "nix-ai-tools",
        "type": "github"
      }
    },
    "nixpkgs": {
      "locked": {
        "lastModified": 1768783163,
        "narHash": "sha256-tLj4KcRDLakrlpvboTJDKsrp6z2XLwyQ4Zmo+w8KsY4=",
        "owner": "NixOS",
        "repo": "nixpkgs",
        "rev": "bde09022887110deb780067364a0818e89258968",
        "type": "github"
      },
      "original": {
        "owner": "NixOS",
        "ref": "nixpkgs-unstable",
        "repo": "nixpkgs",
        "type": "github"
      }
    },
    "nixpkgs-unstable": {
      "locked": {
        "lastModified": 1768564909,
        "narHash": "sha256-Kell/SpJYVkHWMvnhqJz/8DqQg2b6PguxVWOuadbHCc=",
        "owner": "NixOS",
        "repo": "nixpkgs",
        "rev": "e4bae1bd10c9c57b2cf517953ab70060a828ee6f",
        "type": "github"
      },
      "original": {
        "owner": "NixOS",
        "ref": "nixos-unstable",
        "repo": "nixpkgs",
        "type": "github"
      }
    },
    "nixpkgs_2": {
      "locked": {
        "lastModified": 1768900354,
        "narHash": "sha256-VNNnS37q0DWNVNVKwSiJ0eplKFxnt5G31223/pkXZo4=",
        "owner": "NixOS",
        "repo": "nixpkgs",
        "rev": "2ef224eae27d464b899d00708876ed68c4a05c37",
        "type": "github"
      },
      "original": {
        "owner": "NixOS",
        "repo": "nixpkgs",
        "type": "github"
      }
    },
    "nixpkgs_3": {
      "locked": {
        "lastModified": 1768569498,
        "narHash": "sha256-bB6Nt99Cj8Nu5nIUq0GLmpiErIT5KFshMQJGMZwgqUo=",
        "owner": "NixOS",
        "repo": "nixpkgs",
        "rev": "be5afa0fcb31f0a96bf9ecba05a516c66fcd8114",
        "type": "github"
      },
      "original": {
        "owner": "NixOS",
        "ref": "nixpkgs-unstable",
        "repo": "nixpkgs",
        "type": "github"
      }
    },
    "nixpkgs_4": {
      "locked": {
        "lastModified": 1744536153,
        "narHash": "sha256-awS2zRgF4uTwrOKwwiJcByDzDOdo3Q1rPZbiHQg/N38=",
        "owner": "NixOS",
        "repo": "nixpkgs",
        "rev": "18dd725c29603f582cf1900e0d25f9f1063dbf11",
        "type": "github"
      },
      "original": {
        "owner": "NixOS",
        "ref": "nixpkgs-unstable",
        "repo": "nixpkgs",
        "type": "github"
      }
    },
    "opencode": {
      "inputs": {
        "nixpkgs": "nixpkgs_3"
      },
      "locked": {
        "lastModified": 1768890796,
        "narHash": "sha256-AjNhwKfud2tLYhmDLqrNMCFbvp6BywgKbIeUW/ApQqs=",
        "owner": "anomalyco",
        "repo": "opencode",
        "rev": "616329ae97c975f21687f6c8c9c6d4d8018e6fd9",
        "type": "github"
      },
      "original": {
        "owner": "anomalyco",
        "repo": "opencode",
        "type": "github"
      }
    },
    "root": {
      "inputs": {
        "flake-utils": "flake-utils",
        "nix-ai-tools": "nix-ai-tools",
        "nixpkgs": "nixpkgs_2",
        "nixpkgs-unstable": "nixpkgs-unstable",
        "opencode": "opencode",
        "rust-overlay": "rust-overlay"
      }
    },
    "rust-overlay": {
      "inputs": {
        "nixpkgs": "nixpkgs_4"
      },
      "locked": {
        "lastModified": 1768877311,
        "narHash": "sha256-abSDl0cNr0B+YCsIDpO1SjXD9JMxE4s8EFnhLEFVovI=",
        "owner": "oxalica",
        "repo": "rust-overlay",
        "rev": "59e4ab96304585fde3890025fd59bd2717985cc1",
        "type": "github"
      },
      "original": {
        "owner": "oxalica",
        "repo": "rust-overlay",
        "type": "github"
      }
    },
    "systems": {
      "locked": {
        "lastModified": 1681028828,
        "narHash": "sha256-Vy1rq5AaRuLzOxct8nz4T6wlgyUR7zLU309k9mBC768=",
        "owner": "nix-systems",
        "repo": "default",
        "rev": "da67096a3b9bf56a91d16901293e51ba5b49a27e",
        "type": "github"
      },
      "original": {
        "owner": "nix-systems",
        "repo": "default",
        "type": "github"
      }
    },
    "systems_2": {
      "locked": {
        "lastModified": 1681028828,
        "narHash": "sha256-Vy1rq5AaRuLzOxct8nz4T6wlgyUR7zLU309k9mBC768=",
        "owner": "nix-systems",
        "repo": "default",
        "rev": "da67096a3b9bf56a91d16901293e51ba5b49a27e",
        "type": "github"
      },
      "original": {
        "owner": "nix-systems",
        "repo": "default",
        "type": "github"
      }
    },
    "treefmt-nix": {
      "inputs": {
        "nixpkgs": [
          "nix-ai-tools",
          "nixpkgs"
        ]
      },
      "locked": {
        "lastModified": 1768158989,
        "narHash": "sha256-67vyT1+xClLldnumAzCTBvU0jLZ1YBcf4vANRWP3+Ak=",
        "owner": "numtide",
        "repo": "treefmt-nix",
        "rev": "e96d59dff5c0d7fddb9d113ba108f03c3ef99eca",
        "type": "github"
      },
      "original": {
        "owner": "numtide",
        "repo": "treefmt-nix",
        "type": "github"
      }
    }
  },
  "root": "root",
  "version": 7
}
